
Microsoft Visual Studio Solution File, Format Version 12.00
# Visual Studio Version 16
VisualStudioVersion = 16.0.28917.182
MinimumVisualStudioVersion = 10.0.40219.1
Project("{9A19103F-16F7-4668-BE54-9A1E7A4F7556}") = "TestHelpers", "TestHelpers\TestHelpers.csproj", "{3FB8D6A6-1F43-45B3-A30E-E54E16131109}"
EndProject
Project("{9A19103F-16F7-4668-BE54-9A1E7A4F7556}") = "AspectProgramming", "AspectProgramming\AspectProgramming.csproj", "{41855D6F-FC07-4C40-B0FD-2E3E6459C71E}"
EndProject
Global
	GlobalSection(SolutionConfigurationPlatforms) = preSolution
		Debug|Any CPU = Debug|Any CPU
		Release|Any CPU = Release|Any CPU
	EndGlobalSection
	GlobalSection(ProjectConfigurationPlatforms) = postSolution
		{3FB8D6A6-1F43-45B3-A30E-E54E16131109}.Debug|Any CPU.ActiveCfg = Debug|Any CPU
		{3FB8D6A6-1F43-45B3-A30E-E54E16131109}.Debug|Any CPU.Build.0 = Debug|Any CPU
		{3FB8D6A6-1F43-45B3-A30E-E54E16131109}.Release|Any CPU.ActiveCfg = Release|Any CPU
		{3FB8D6A6-1F43-45B3-A30E-E54E16131109}.Release|Any CPU.Build.0 = Release|Any CPU
		{41855D6F-FC07-4C40-B0FD-2E3E6459C71E}.Debug|Any CPU.ActiveCfg = Debug|Any CPU
		{41855D6F-FC07-4C40-B0FD-2E3E6459C71E}.Debug|Any CPU.Build.0 = Debug|Any CPU
		{41855D6F-FC07-4C40-B0FD-2E3E6459C71E}.Release|Any CPU.ActiveCfg = Release|Any CPU
		{41855D6F-FC07-4C40-B0FD-2E3E6459C71E}.Release|Any CPU.Build.0 = Release|Any CPU
	EndGlobalSection
	GlobalSection(SolutionProperties) = preSolution
		HideSolutionNode = FALSE
	EndGlobalSection
	GlobalSection(ExtensibilityGlobals) = postSolution
		SolutionGuid = {B5724E99-E0D4-47E5-8059-BFF8152D7F1E}
	EndGlobalSection
EndGlobal
